
Microsoft Visual Studio Solution File, Format Version 12.00
# Visual Studio Version 17
VisualStudioVersion = 17.4.33103.184
MinimumVisualStudioVersion = 10.0.40219.1
Project("{FAE04EC0-301F-11D3-BF4B-00C04F79EFBC}") = "SFChart_iOS_GettingStarted", "SFChart_iOS_GettingStarted\SFChart_iOS_GettingStarted.csproj", "{91BCE433-674C-465D-85AF-E77E9186D607}"
EndProject
Global
	GlobalSection(SolutionConfigurationPlatforms) = preSolution
		Debug|iPhone = Debug|iPhone
		Debug|iPhoneSimulator = Debug|iPhoneSimulator
		Release|iPhone = Release|iPhone
		Release|iPhoneSimulator = Release|iPhoneSimulator
	EndGlobalSection
	GlobalSection(ProjectConfigurationPlatforms) = postSolution
		{91BCE433-674C-465D-85AF-E77E9186D607}.Debug|iPhone.ActiveCfg = Debug|iPhone
		{91BCE433-674C-465D-85AF-E77E9186D607}.Debug|iPhone.Build.0 = Debug|iPhone
		{91BCE433-674C-465D-85AF-E77E9186D607}.Debug|iPhone.Deploy.0 = Debug|iPhone
		{91BCE433-674C-465D-85AF-E77E9186D607}.Debug|iPhoneSimulator.ActiveCfg = Debug|iPhoneSimulator
		{91BCE433-674C-465D-85AF-E77E9186D607}.Debug|iPhoneSimulator.Build.0 = Debug|iPhoneSimulator
		{91BCE433-674C-465D-85AF-E77E9186D607}.Debug|iPhoneSimulator.Deploy.0 = Debug|iPhoneSimulator
		{91BCE433-674C-465D-85AF-E77E9186D607}.Release|iPhone.ActiveCfg = Release|iPhone
		{91BCE433-674C-465D-85AF-E77E9186D607}.Release|iPhone.Build.0 = Release|iPhone
		{91BCE433-674C-465D-85AF-E77E9186D607}.Release|iPhone.Deploy.0 = Release|iPhone
		{91BCE433-674C-465D-85AF-E77E9186D607}.Release|iPhoneSimulator.ActiveCfg = Release|iPhoneSimulator
		{91BCE433-674C-465D-85AF-E77E9186D607}.Release|iPhoneSimulator.Build.0 = Release|iPhoneSimulator
		{91BCE433-674C-465D-85AF-E77E9186D607}.Release|iPhoneSimulator.Deploy.0 = Release|iPhoneSimulator
	EndGlobalSection
	GlobalSection(SolutionProperties) = preSolution
		HideSolutionNode = FALSE
	EndGlobalSection
	GlobalSection(ExtensibilityGlobals) = postSolution
		SolutionGuid = {F592BAE5-FBB4-4856-9A0D-7C9D41F3053F}
	EndGlobalSection
EndGlobal
